{
    "name": "nekos-best.js",
    "version": "1.0.5",
    "lockfileVersion": 2,
    "requires": true,
    "packages": {
        "": {
            "version": "1.0.5",
            "license": "MIT",
            "dependencies": {
                "petitio": "^1.2.1"
            }
        },
        "node_modules/petitio": {
            "version": "1.2.1",
            "resolved": "https://registry.npmjs.org/petitio/-/petitio-1.2.1.tgz",
            "integrity": "sha512-K+SFnYI8BhYVZEdduQcWTv8F4GNKYYS4MlJMOLQDWcgNsC4DTjsw/ijx10JKGZ9ytKiYd9grMAVKog44WZRHUA==",
            "engines": {
                "node": ">=12.0.0"
            }
        }
    },
    "dependencies": {
        "petitio": {
            "version": "1.2.1",
            "resolved": "https://registry.npmjs.org/petitio/-/petitio-1.2.1.tgz",
            "integrity": "sha512-K+SFnYI8BhYVZEdduQcWTv8F4GNKYYS4MlJMOLQDWcgNsC4DTjsw/ijx10JKGZ9ytKiYd9grMAVKog44WZRHUA=="
        }
    }
}
