{
    "name": "nekos-best.js",
    "version": "2.0.0",
    "lockfileVersion": 2,
    "requires": true,
    "packages": {
        "": {
            "version": "2.0.0",
            "license": "MIT",
            "dependencies": {
                "petitio": "^1.2.1"
            },
            "devDependencies": {
                "@types/node": "^15.0.3"
            }
        },
        "node_modules/@types/node": {
            "version": "15.0.3",
            "resolved": "https://registry.npmjs.org/@types/node/-/node-15.0.3.tgz",
            "integrity": "sha512-/WbxFeBU+0F79z9RdEOXH4CsDga+ibi5M8uEYr91u3CkT/pdWcV8MCook+4wDPnZBexRdwWS+PiVZ2xJviAzcQ==",
            "dev": true
        },
        "node_modules/petitio": {
            "version": "1.2.1",
            "resolved": "https://registry.npmjs.org/petitio/-/petitio-1.2.1.tgz",
            "integrity": "sha512-K+SFnYI8BhYVZEdduQcWTv8F4GNKYYS4MlJMOLQDWcgNsC4DTjsw/ijx10JKGZ9ytKiYd9grMAVKog44WZRHUA==",
            "engines": {
                "node": ">=12.0.0"
            }
        }
    },
    "dependencies": {
        "@types/node": {
            "version": "15.0.3",
            "resolved": "https://registry.npmjs.org/@types/node/-/node-15.0.3.tgz",
            "integrity": "sha512-/WbxFeBU+0F79z9RdEOXH4CsDga+ibi5M8uEYr91u3CkT/pdWcV8MCook+4wDPnZBexRdwWS+PiVZ2xJviAzcQ==",
            "dev": true
        },
        "petitio": {
            "version": "1.2.1",
            "resolved": "https://registry.npmjs.org/petitio/-/petitio-1.2.1.tgz",
            "integrity": "sha512-K+SFnYI8BhYVZEdduQcWTv8F4GNKYYS4MlJMOLQDWcgNsC4DTjsw/ijx10JKGZ9ytKiYd9grMAVKog44WZRHUA=="
        }
    }
}
